
Microsoft Visual Studio Solution File, Format Version 12.00
# Visual Studio Version 16
VisualStudioVersion = 25.0.1705.2
MinimumVisualStudioVersion = 10.0.40219.1
Project("{FAE04EC0-301F-11D3-BF4B-00C04F79EFBC}") = "CRUDExer03", "CRUDExer03\CRUDExer03.csproj", "{AA979407-1529-4497-A9D0-720D3ED91BEB}"
EndProject
Global
	GlobalSection(SolutionConfigurationPlatforms) = preSolution
		Debug|Any CPU = Debug|Any CPU
		Release|Any CPU = Release|Any CPU
	EndGlobalSection
	GlobalSection(ProjectConfigurationPlatforms) = postSolution
		{AA979407-1529-4497-A9D0-720D3ED91BEB}.Debug|Any CPU.ActiveCfg = Debug|Any CPU
		{AA979407-1529-4497-A9D0-720D3ED91BEB}.Debug|Any CPU.Build.0 = Debug|Any CPU
		{AA979407-1529-4497-A9D0-720D3ED91BEB}.Release|Any CPU.ActiveCfg = Release|Any CPU
		{AA979407-1529-4497-A9D0-720D3ED91BEB}.Release|Any CPU.Build.0 = Release|Any CPU
	EndGlobalSection
	GlobalSection(SolutionProperties) = preSolution
		HideSolutionNode = FALSE
	EndGlobalSection
	GlobalSection(ExtensibilityGlobals) = postSolution
		SolutionGuid = {00164FBF-531E-4F4D-B4A1-5872B1F60C82}
	EndGlobalSection
EndGlobal
